
Microsoft Visual Studio Solution File, Format Version 12.00
# Visual Studio Version 17
VisualStudioVersion = 17.8.34525.116
MinimumVisualStudioVersion = 10.0.40219.1
Project("{FAE04EC0-301F-11D3-BF4B-00C04F79EFBC}") = "ELibMgmt", "ELibMgmt\ELibMgmt.csproj", "{8571172E-6385-410A-87E7-A0ED3137EC0F}"
EndProject
Global
	GlobalSection(SolutionConfigurationPlatforms) = preSolution
		Debug|Any CPU = Debug|Any CPU
		Release|Any CPU = Release|Any CPU
	EndGlobalSection
	GlobalSection(ProjectConfigurationPlatforms) = postSolution
		{8571172E-6385-410A-87E7-A0ED3137EC0F}.Debug|Any CPU.ActiveCfg = Debug|Any CPU
		{8571172E-6385-410A-87E7-A0ED3137EC0F}.Debug|Any CPU.Build.0 = Debug|Any CPU
		{8571172E-6385-410A-87E7-A0ED3137EC0F}.Release|Any CPU.ActiveCfg = Release|Any CPU
		{8571172E-6385-410A-87E7-A0ED3137EC0F}.Release|Any CPU.Build.0 = Release|Any CPU
	EndGlobalSection
	GlobalSection(SolutionProperties) = preSolution
		HideSolutionNode = FALSE
	EndGlobalSection
	GlobalSection(ExtensibilityGlobals) = postSolution
		SolutionGuid = {2746B613-E74E-4CF4-A724-380B394D99B1}
	EndGlobalSection
EndGlobal
